
Microsoft Visual Studio Solution File, Format Version 12.00
# Visual Studio Version 16
VisualStudioVersion = 16.0.31702.278
MinimumVisualStudioVersion = 10.0.40219.1
Project("{FAE04EC0-301F-11D3-BF4B-00C04F79EFBC}") = "hetedik_PAY3AU", "hetedik_PAY3AU\hetedik_PAY3AU.csproj", "{3C90760C-CDFA-4CF7-A261-EA5C67EFD88C}"
EndProject
Global
	GlobalSection(SolutionConfigurationPlatforms) = preSolution
		Debug|Any CPU = Debug|Any CPU
		Release|Any CPU = Release|Any CPU
	EndGlobalSection
	GlobalSection(ProjectConfigurationPlatforms) = postSolution
		{3C90760C-CDFA-4CF7-A261-EA5C67EFD88C}.Debug|Any CPU.ActiveCfg = Debug|Any CPU
		{3C90760C-CDFA-4CF7-A261-EA5C67EFD88C}.Debug|Any CPU.Build.0 = Debug|Any CPU
		{3C90760C-CDFA-4CF7-A261-EA5C67EFD88C}.Release|Any CPU.ActiveCfg = Release|Any CPU
		{3C90760C-CDFA-4CF7-A261-EA5C67EFD88C}.Release|Any CPU.Build.0 = Release|Any CPU
	EndGlobalSection
	GlobalSection(SolutionProperties) = preSolution
		HideSolutionNode = FALSE
	EndGlobalSection
	GlobalSection(ExtensibilityGlobals) = postSolution
		SolutionGuid = {4DA226A1-69C1-4EB9-BDCC-E2F7796200A8}
	EndGlobalSection
EndGlobal
