
Microsoft Visual Studio Solution File, Format Version 12.00
# Visual Studio Version 16
VisualStudioVersion = 16.0.31702.278
MinimumVisualStudioVersion = 10.0.40219.1
Project("{FAE04EC0-301F-11D3-BF4B-00C04F79EFBC}") = "negyedik_GYAK", "negyedik_GYAK\negyedik_GYAK.csproj", "{8D3EE057-05E2-4C37-A1A5-AE8246249DB0}"
EndProject
Global
	GlobalSection(SolutionConfigurationPlatforms) = preSolution
		Debug|Any CPU = Debug|Any CPU
		Release|Any CPU = Release|Any CPU
	EndGlobalSection
	GlobalSection(ProjectConfigurationPlatforms) = postSolution
		{8D3EE057-05E2-4C37-A1A5-AE8246249DB0}.Debug|Any CPU.ActiveCfg = Debug|Any CPU
		{8D3EE057-05E2-4C37-A1A5-AE8246249DB0}.Debug|Any CPU.Build.0 = Debug|Any CPU
		{8D3EE057-05E2-4C37-A1A5-AE8246249DB0}.Release|Any CPU.ActiveCfg = Release|Any CPU
		{8D3EE057-05E2-4C37-A1A5-AE8246249DB0}.Release|Any CPU.Build.0 = Release|Any CPU
	EndGlobalSection
	GlobalSection(SolutionProperties) = preSolution
		HideSolutionNode = FALSE
	EndGlobalSection
	GlobalSection(ExtensibilityGlobals) = postSolution
		SolutionGuid = {D61F6064-CC9E-4BD6-86BB-4ACC77082B5B}
	EndGlobalSection
EndGlobal
